
Microsoft Visual Studio Solution File, Format Version 12.00
# Visual Studio Version 17
VisualStudioVersion = 17.8.34330.188
MinimumVisualStudioVersion = 10.0.40219.1
Project("{FAE04EC0-301F-11D3-BF4B-00C04F79EFBC}") = "Checkers", "Checkers\Checkers.csproj", "{72FD7FC7-8811-42A7-B871-F0DF7087CC07}"
EndProject
Global
	GlobalSection(SolutionConfigurationPlatforms) = preSolution
		Debug|Any CPU = Debug|Any CPU
		Release|Any CPU = Release|Any CPU
	EndGlobalSection
	GlobalSection(ProjectConfigurationPlatforms) = postSolution
		{72FD7FC7-8811-42A7-B871-F0DF7087CC07}.Debug|Any CPU.ActiveCfg = Debug|Any CPU
		{72FD7FC7-8811-42A7-B871-F0DF7087CC07}.Debug|Any CPU.Build.0 = Debug|Any CPU
		{72FD7FC7-8811-42A7-B871-F0DF7087CC07}.Release|Any CPU.ActiveCfg = Release|Any CPU
		{72FD7FC7-8811-42A7-B871-F0DF7087CC07}.Release|Any CPU.Build.0 = Release|Any CPU
	EndGlobalSection
	GlobalSection(SolutionProperties) = preSolution
		HideSolutionNode = FALSE
	EndGlobalSection
	GlobalSection(ExtensibilityGlobals) = postSolution
		SolutionGuid = {C111B130-F901-4A7E-A3D7-3B14D03C801A}
	EndGlobalSection
EndGlobal
